// !$*UTF8*$!
{
	archiveVersion = 1;
	classes = {
	};
	objectVersion = 50;
	objects = {

/* Begin PBXBuildFile section */
		52007D112258C9BE002BD0C4 /* R.generated.swift in Sources */ = {isa = PBXBuildFile; fileRef = 52007D102258C9BE002BD0C4 /* R.generated.swift */; };
		52007D13225A1A20002BD0C4 /* CountriesModuleFactory.swift in Sources */ = {isa = PBXBuildFile; fileRef = 52007D12225A1A20002BD0C4 /* CountriesModuleFactory.swift */; };
		52007D15225A1D10002BD0C4 /* Module.swift in Sources */ = {isa = PBXBuildFile; fileRef = 52007D14225A1D10002BD0C4 /* Module.swift */; };
		52007D17225A245C002BD0C4 /* CountriesModuleFactoryImp.swift in Sources */ = {isa = PBXBuildFile; fileRef = 52007D16225A245C002BD0C4 /* CountriesModuleFactoryImp.swift */; };
		524933942253929300AC198C /* AppDelegate.swift in Sources */ = {isa = PBXBuildFile; fileRef = 524933932253929300AC198C /* AppDelegate.swift */; };
		524933992253929400AC198C /* Main.storyboard in Resources */ = {isa = PBXBuildFile; fileRef = 524933972253929400AC198C /* Main.storyboard */; };
		5249339B2253929500AC198C /* Assets.xcassets in Resources */ = {isa = PBXBuildFile; fileRef = 5249339A2253929500AC198C /* Assets.xcassets */; };
		5249339E2253929500AC198C /* LaunchScreen.storyboard in Resources */ = {isa = PBXBuildFile; fileRef = 5249339C2253929500AC198C /* LaunchScreen.storyboard */; };
		524933A92253929500AC198C /* CountriesTests.swift in Sources */ = {isa = PBXBuildFile; fileRef = 524933A82253929500AC198C /* CountriesTests.swift */; };
		524933B72254F76F00AC198C /* CountriesService.swift in Sources */ = {isa = PBXBuildFile; fileRef = 524933B62254F76F00AC198C /* CountriesService.swift */; };
		524933B92254F77A00AC198C /* CountryService.swift in Sources */ = {isa = PBXBuildFile; fileRef = 524933B82254F77A00AC198C /* CountryService.swift */; };
		524933BC2254F82F00AC198C /* Country.swift in Sources */ = {isa = PBXBuildFile; fileRef = 524933BB2254F82F00AC198C /* Country.swift */; };
		524933C02254FF0B00AC198C /* CountryServiceImp.swift in Sources */ = {isa = PBXBuildFile; fileRef = 524933BF2254FF0B00AC198C /* CountryServiceImp.swift */; };
		524933C22254FF2100AC198C /* CountriesServiceImp.swift in Sources */ = {isa = PBXBuildFile; fileRef = 524933C12254FF2100AC198C /* CountriesServiceImp.swift */; };
		524933C6225503C200AC198C /* APIComponent.swift in Sources */ = {isa = PBXBuildFile; fileRef = 524933C5225503C200AC198C /* APIComponent.swift */; };
		524933C92255057200AC198C /* APIRequest.swift in Sources */ = {isa = PBXBuildFile; fileRef = 524933C82255057200AC198C /* APIRequest.swift */; };
		524933CB225505B500AC198C /* APIRequest+Moya.swift in Sources */ = {isa = PBXBuildFile; fileRef = 524933CA225505B500AC198C /* APIRequest+Moya.swift */; };
		524933CD2255175E00AC198C /* APIComponentImp.swift in Sources */ = {isa = PBXBuildFile; fileRef = 524933CC2255175E00AC198C /* APIComponentImp.swift */; };
		524933CF2255214D00AC198C /* Country+Codable.swift in Sources */ = {isa = PBXBuildFile; fileRef = 524933CE2255214D00AC198C /* Country+Codable.swift */; };
		524933D1225525FF00AC198C /* Currency.swift in Sources */ = {isa = PBXBuildFile; fileRef = 524933D0225525FF00AC198C /* Currency.swift */; };
		524933D62255373400AC198C /* CountriesListViewModelImp.swift in Sources */ = {isa = PBXBuildFile; fileRef = 524933D52255373400AC198C /* CountriesListViewModelImp.swift */; };
		524933DA225539E900AC198C /* CountryCellViewModel.swift in Sources */ = {isa = PBXBuildFile; fileRef = 524933D9225539E900AC198C /* CountryCellViewModel.swift */; };
		5254325C225666CF006743B2 /* UIViewController+Errors.swift in Sources */ = {isa = PBXBuildFile; fileRef = 5254325B225666CF006743B2 /* UIViewController+Errors.swift */; };
		5254325E22567F64006743B2 /* Dependencies.swift in Sources */ = {isa = PBXBuildFile; fileRef = 5254325D22567F64006743B2 /* Dependencies.swift */; };
		52DF713A2256286100AE3432 /* CountriesCoordinator.swift in Sources */ = {isa = PBXBuildFile; fileRef = 52DF71392256286100AE3432 /* CountriesCoordinator.swift */; };
		52DF713C22562BCE00AE3432 /* CountriesModule.swift in Sources */ = {isa = PBXBuildFile; fileRef = 52DF713B22562BCE00AE3432 /* CountriesModule.swift */; };
		52DF713F225638D000AE3432 /* CountryViewModel.swift in Sources */ = {isa = PBXBuildFile; fileRef = 52DF713E225638D000AE3432 /* CountryViewModel.swift */; };
		52DF714122563AC000AE3432 /* CountryViewModelImp.swift in Sources */ = {isa = PBXBuildFile; fileRef = 52DF714022563AC000AE3432 /* CountryViewModelImp.swift */; };
		52DF714322563E0500AE3432 /* CountryViewController.swift in Sources */ = {isa = PBXBuildFile; fileRef = 52DF714222563E0500AE3432 /* CountryViewController.swift */; };
		52E6D7EC2255594B00DEBD79 /* CountriesListViewController.swift in Sources */ = {isa = PBXBuildFile; fileRef = 52E6D7EB2255594B00DEBD79 /* CountriesListViewController.swift */; };
		52E6D7EE2255DD6200DEBD79 /* CountriesListViewModel.swift in Sources */ = {isa = PBXBuildFile; fileRef = 52E6D7ED2255DD6200DEBD79 /* CountriesListViewModel.swift */; };
		52E6D7F02255E32E00DEBD79 /* CountryCell.swift in Sources */ = {isa = PBXBuildFile; fileRef = 52E6D7EF2255E32E00DEBD79 /* CountryCell.swift */; };
		B89DF1DE935981D0E56CD514 /* Pods_CountriesTests.framework in Frameworks */ = {isa = PBXBuildFile; fileRef = 37FE21B71D0EC485DE855961 /* Pods_CountriesTests.framework */; };
		FD84CAE60F3766824876021B /* Pods_Countries.framework in Frameworks */ = {isa = PBXBuildFile; fileRef = D9124640961302A8D51BFFE9 /* Pods_Countries.framework */; };
/* End PBXBuildFile section */

/* Begin PBXContainerItemProxy section */
		524933A52253929500AC198C /* PBXContainerItemProxy */ = {
			isa = PBXContainerItemProxy;
			containerPortal = 524933882253929300AC198C /* Project object */;
			proxyType = 1;
			remoteGlobalIDString = 5249338F2253929300AC198C;
			remoteInfo = Countries;
		};
/* End PBXContainerItemProxy section */

/* Begin PBXFileReference section */
		37FE21B71D0EC485DE855961 /* Pods_CountriesTests.framework */ = {isa = PBXFileReference; explicitFileType = wrapper.framework; includeInIndex = 0; path = Pods_CountriesTests.framework; sourceTree = BUILT_PRODUCTS_DIR; };
		47CD814A44D88FB2FE4D8E17 /* Pods-Countries.release.xcconfig */ = {isa = PBXFileReference; includeInIndex = 1; lastKnownFileType = text.xcconfig; name = "Pods-Countries.release.xcconfig"; path = "Target Support Files/Pods-Countries/Pods-Countries.release.xcconfig"; sourceTree = "<group>"; };
		52007D102258C9BE002BD0C4 /* R.generated.swift */ = {isa = PBXFileReference; fileEncoding = 4; lastKnownFileType = sourcecode.swift; path = R.generated.swift; sourceTree = SOURCE_ROOT; };
		52007D12225A1A20002BD0C4 /* CountriesModuleFactory.swift */ = {isa = PBXFileReference; lastKnownFileType = sourcecode.swift; path = CountriesModuleFactory.swift; sourceTree = "<group>"; };
		52007D14225A1D10002BD0C4 /* Module.swift */ = {isa = PBXFileReference; lastKnownFileType = sourcecode.swift; path = Module.swift; sourceTree = "<group>"; };
		52007D16225A245C002BD0C4 /* CountriesModuleFactoryImp.swift */ = {isa = PBXFileReference; lastKnownFileType = sourcecode.swift; path = CountriesModuleFactoryImp.swift; sourceTree = "<group>"; };
		524933902253929300AC198C /* Countries.app */ = {isa = PBXFileReference; explicitFileType = wrapper.application; includeInIndex = 0; path = Countries.app; sourceTree = BUILT_PRODUCTS_DIR; };
		524933932253929300AC198C /* AppDelegate.swift */ = {isa = PBXFileReference; lastKnownFileType = sourcecode.swift; path = AppDelegate.swift; sourceTree = "<group>"; };
		524933982253929400AC198C /* Base */ = {isa = PBXFileReference; lastKnownFileType = file.storyboard; name = Base; path = Base.lproj/Main.storyboard; sourceTree = "<group>"; };
		5249339A2253929500AC198C /* Assets.xcassets */ = {isa = PBXFileReference; lastKnownFileType = folder.assetcatalog; path = Assets.xcassets; sourceTree = "<group>"; };
		5249339D2253929500AC198C /* Base */ = {isa = PBXFileReference; lastKnownFileType = file.storyboard; name = Base; path = Base.lproj/LaunchScreen.storyboard; sourceTree = "<group>"; };
		5249339F2253929500AC198C /* Info.plist */ = {isa = PBXFileReference; lastKnownFileType = text.plist.xml; path = Info.plist; sourceTree = "<group>"; };
		524933A42253929500AC198C /* CountriesTests.xctest */ = {isa = PBXFileReference; explicitFileType = wrapper.cfbundle; includeInIndex = 0; path = CountriesTests.xctest; sourceTree = BUILT_PRODUCTS_DIR; };
		524933A82253929500AC198C /* CountriesTests.swift */ = {isa = PBXFileReference; lastKnownFileType = sourcecode.swift; path = CountriesTests.swift; sourceTree = "<group>"; };
		524933AA2253929500AC198C /* Info.plist */ = {isa = PBXFileReference; lastKnownFileType = text.plist.xml; path = Info.plist; sourceTree = "<group>"; };
		524933B62254F76F00AC198C /* CountriesService.swift */ = {isa = PBXFileReference; lastKnownFileType = sourcecode.swift; path = CountriesService.swift; sourceTree = "<group>"; };
		524933B82254F77A00AC198C /* CountryService.swift */ = {isa = PBXFileReference; lastKnownFileType = sourcecode.swift; path = CountryService.swift; sourceTree = "<group>"; };
		524933BB2254F82F00AC198C /* Country.swift */ = {isa = PBXFileReference; lastKnownFileType = sourcecode.swift; path = Country.swift; sourceTree = "<group>"; };
		524933BF2254FF0B00AC198C /* CountryServiceImp.swift */ = {isa = PBXFileReference; lastKnownFileType = sourcecode.swift; path = CountryServiceImp.swift; sourceTree = "<group>"; };
		524933C12254FF2100AC198C /* CountriesServiceImp.swift */ = {isa = PBXFileReference; lastKnownFileType = sourcecode.swift; path = CountriesServiceImp.swift; sourceTree = "<group>"; };
		524933C5225503C200AC198C /* APIComponent.swift */ = {isa = PBXFileReference; lastKnownFileType = sourcecode.swift; path = APIComponent.swift; sourceTree = "<group>"; };
		524933C82255057200AC198C /* APIRequest.swift */ = {isa = PBXFileReference; lastKnownFileType = sourcecode.swift; path = APIRequest.swift; sourceTree = "<group>"; };
		524933CA225505B500AC198C /* APIRequest+Moya.swift */ = {isa = PBXFileReference; lastKnownFileType = sourcecode.swift; path = "APIRequest+Moya.swift"; sourceTree = "<group>"; };
		524933CC2255175E00AC198C /* APIComponentImp.swift */ = {isa = PBXFileReference; lastKnownFileType = sourcecode.swift; path = APIComponentImp.swift; sourceTree = "<group>"; };
		524933CE2255214D00AC198C /* Country+Codable.swift */ = {isa = PBXFileReference; lastKnownFileType = sourcecode.swift; path = "Country+Codable.swift"; sourceTree = "<group>"; };
		524933D0225525FF00AC198C /* Currency.swift */ = {isa = PBXFileReference; lastKnownFileType = sourcecode.swift; path = Currency.swift; sourceTree = "<group>"; };
		524933D52255373400AC198C /* CountriesListViewModelImp.swift */ = {isa = PBXFileReference; lastKnownFileType = sourcecode.swift; path = CountriesListViewModelImp.swift; sourceTree = "<group>"; };
		524933D9225539E900AC198C /* CountryCellViewModel.swift */ = {isa = PBXFileReference; lastKnownFileType = sourcecode.swift; path = CountryCellViewModel.swift; sourceTree = "<group>"; };
		5254325B225666CF006743B2 /* UIViewController+Errors.swift */ = {isa = PBXFileReference; lastKnownFileType = sourcecode.swift; path = "UIViewController+Errors.swift"; sourceTree = "<group>"; };
		5254325D22567F64006743B2 /* Dependencies.swift */ = {isa = PBXFileReference; lastKnownFileType = sourcecode.swift; path = Dependencies.swift; sourceTree = "<group>"; };
		52DF71392256286100AE3432 /* CountriesCoordinator.swift */ = {isa = PBXFileReference; lastKnownFileType = sourcecode.swift; path = CountriesCoordinator.swift; sourceTree = "<group>"; };
		52DF713B22562BCE00AE3432 /* CountriesModule.swift */ = {isa = PBXFileReference; lastKnownFileType = sourcecode.swift; path = CountriesModule.swift; sourceTree = "<group>"; };
		52DF713E225638D000AE3432 /* CountryViewModel.swift */ = {isa = PBXFileReference; lastKnownFileType = sourcecode.swift; path = CountryViewModel.swift; sourceTree = "<group>"; };
		52DF714022563AC000AE3432 /* CountryViewModelImp.swift */ = {isa = PBXFileReference; lastKnownFileType = sourcecode.swift; path = CountryViewModelImp.swift; sourceTree = "<group>"; };
		52DF714222563E0500AE3432 /* CountryViewController.swift */ = {isa = PBXFileReference; lastKnownFileType = sourcecode.swift; path = CountryViewController.swift; sourceTree = "<group>"; };
		52E6D7EB2255594B00DEBD79 /* CountriesListViewController.swift */ = {isa = PBXFileReference; lastKnownFileType = sourcecode.swift; path = CountriesListViewController.swift; sourceTree = "<group>"; };
		52E6D7ED2255DD6200DEBD79 /* CountriesListViewModel.swift */ = {isa = PBXFileReference; lastKnownFileType = sourcecode.swift; path = CountriesListViewModel.swift; sourceTree = "<group>"; };
		52E6D7EF2255E32E00DEBD79 /* CountryCell.swift */ = {isa = PBXFileReference; lastKnownFileType = sourcecode.swift; path = CountryCell.swift; sourceTree = "<group>"; };
		A9A547281FBB2474818C8CB3 /* Pods-Countries.debug.xcconfig */ = {isa = PBXFileReference; includeInIndex = 1; lastKnownFileType = text.xcconfig; name = "Pods-Countries.debug.xcconfig"; path = "Target Support Files/Pods-Countries/Pods-Countries.debug.xcconfig"; sourceTree = "<group>"; };
		D9124640961302A8D51BFFE9 /* Pods_Countries.framework */ = {isa = PBXFileReference; explicitFileType = wrapper.framework; includeInIndex = 0; path = Pods_Countries.framework; sourceTree = BUILT_PRODUCTS_DIR; };
		DB8EAB2AA9E86ABFDD1E7EE6 /* Pods-CountriesTests.release.xcconfig */ = {isa = PBXFileReference; includeInIndex = 1; lastKnownFileType = text.xcconfig; name = "Pods-CountriesTests.release.xcconfig"; path = "Target Support Files/Pods-CountriesTests/Pods-CountriesTests.release.xcconfig"; sourceTree = "<group>"; };
		F1D58B7342D49F694F7D68F7 /* Pods-CountriesTests.debug.xcconfig */ = {isa = PBXFileReference; includeInIndex = 1; lastKnownFileType = text.xcconfig; name = "Pods-CountriesTests.debug.xcconfig"; path = "Target Support Files/Pods-CountriesTests/Pods-CountriesTests.debug.xcconfig"; sourceTree = "<group>"; };
/* End PBXFileReference section */

/* Begin PBXFrameworksBuildPhase section */
		5249338D2253929300AC198C /* Frameworks */ = {
			isa = PBXFrameworksBuildPhase;
			buildActionMask = 2147483647;
			files = (
				FD84CAE60F3766824876021B /* Pods_Countries.framework in Frameworks */,
			);
			runOnlyForDeploymentPostprocessing = 0;
		};
		524933A12253929500AC198C /* Frameworks */ = {
			isa = PBXFrameworksBuildPhase;
			buildActionMask = 2147483647;
			files = (
				B89DF1DE935981D0E56CD514 /* Pods_CountriesTests.framework in Frameworks */,
			);
			runOnlyForDeploymentPostprocessing = 0;
		};
/* End PBXFrameworksBuildPhase section */

/* Begin PBXGroup section */
		524933872253929300AC198C = {
			isa = PBXGroup;
			children = (
				524933922253929300AC198C /* Countries */,
				524933A72253929500AC198C /* CountriesTests */,
				524933912253929300AC198C /* Products */,
				C3F4A4C474D45E10DA3D9AA5 /* Pods */,
				BA5CD837BCCFBF6229A083F9 /* Frameworks */,
			);
			sourceTree = "<group>";
		};
		524933912253929300AC198C /* Products */ = {
			isa = PBXGroup;
			children = (
				524933902253929300AC198C /* Countries.app */,
				524933A42253929500AC198C /* CountriesTests.xctest */,
			);
			name = Products;
			sourceTree = "<group>";
		};
		524933922253929300AC198C /* Countries */ = {
			isa = PBXGroup;
			children = (
				524933BD2254FC6000AC198C /* Application */,
				524933B52254F73500AC198C /* Components Layer */,
				524933BA2254F81D00AC198C /* Entities */,
				524933B42254F71700AC198C /* Presentation Layer */,
				524933BE2254FD0200AC198C /* Resources */,
				524933B32254F70800AC198C /* Services */,
			);
			path = Countries;
			sourceTree = "<group>";
		};
		524933A72253929500AC198C /* CountriesTests */ = {
			isa = PBXGroup;
			children = (
				524933A82253929500AC198C /* CountriesTests.swift */,
				524933AA2253929500AC198C /* Info.plist */,
			);
			path = CountriesTests;
			sourceTree = "<group>";
		};
		524933B32254F70800AC198C /* Services */ = {
			isa = PBXGroup;
			children = (
				524933C42255018100AC198C /* Countries */,
				524933C32255016C00AC198C /* Country */,
			);
			path = Services;
			sourceTree = "<group>";
		};
		524933B42254F71700AC198C /* Presentation Layer */ = {
			isa = PBXGroup;
			children = (
				5254325A225666B4006743B2 /* Common */,
				52DF713D225638AF00AE3432 /* Country */,
				524933D42255371100AC198C /* CountriesList */,
				524933972253929400AC198C /* Main.storyboard */,
				52DF71392256286100AE3432 /* CountriesCoordinator.swift */,
				52007D12225A1A20002BD0C4 /* CountriesModuleFactory.swift */,
				52007D16225A245C002BD0C4 /* CountriesModuleFactoryImp.swift */,
			);
			path = "Presentation Layer";
			sourceTree = "<group>";
		};
		524933B52254F73500AC198C /* Components Layer */ = {
			isa = PBXGroup;
			children = (
				524933C5225503C200AC198C /* APIComponent.swift */,
				524933C82255057200AC198C /* APIRequest.swift */,
				524933CA225505B500AC198C /* APIRequest+Moya.swift */,
				524933CC2255175E00AC198C /* APIComponentImp.swift */,
			);
			path = "Components Layer";
			sourceTree = "<group>";
		};
		524933BA2254F81D00AC198C /* Entities */ = {
			isa = PBXGroup;
			children = (
				524933BB2254F82F00AC198C /* Country.swift */,
				524933CE2255214D00AC198C /* Country+Codable.swift */,
				524933D0225525FF00AC198C /* Currency.swift */,
			);
			path = Entities;
			sourceTree = "<group>";
		};
		524933BD2254FC6000AC198C /* Application */ = {
			isa = PBXGroup;
			children = (
				524933932253929300AC198C /* AppDelegate.swift */,
				5249339C2253929500AC198C /* LaunchScreen.storyboard */,
				5249339F2253929500AC198C /* Info.plist */,
				5254325D22567F64006743B2 /* Dependencies.swift */,
			);
			path = Application;
			sourceTree = "<group>";
		};
		524933BE2254FD0200AC198C /* Resources */ = {
			isa = PBXGroup;
			children = (
				52007D102258C9BE002BD0C4 /* R.generated.swift */,
				5249339A2253929500AC198C /* Assets.xcassets */,
			);
			path = Resources;
			sourceTree = "<group>";
		};
		524933C32255016C00AC198C /* Country */ = {
			isa = PBXGroup;
			children = (
				524933B82254F77A00AC198C /* CountryService.swift */,
				524933BF2254FF0B00AC198C /* CountryServiceImp.swift */,
			);
			path = Country;
			sourceTree = "<group>";
		};
		524933C42255018100AC198C /* Countries */ = {
			isa = PBXGroup;
			children = (
				524933B62254F76F00AC198C /* CountriesService.swift */,
				524933C12254FF2100AC198C /* CountriesServiceImp.swift */,
			);
			path = Countries;
			sourceTree = "<group>";
		};
		524933D42255371100AC198C /* CountriesList */ = {
			isa = PBXGroup;
			children = (
				52E6D7ED2255DD6200DEBD79 /* CountriesListViewModel.swift */,
				52DF713B22562BCE00AE3432 /* CountriesModule.swift */,
				524933D52255373400AC198C /* CountriesListViewModelImp.swift */,
				524933D9225539E900AC198C /* CountryCellViewModel.swift */,
				52E6D7EF2255E32E00DEBD79 /* CountryCell.swift */,
				52E6D7EB2255594B00DEBD79 /* CountriesListViewController.swift */,
			);
			path = CountriesList;
			sourceTree = "<group>";
		};
		5254325A225666B4006743B2 /* Common */ = {
			isa = PBXGroup;
			children = (
				5254325B225666CF006743B2 /* UIViewController+Errors.swift */,
				52007D14225A1D10002BD0C4 /* Module.swift */,
			);
			path = Common;
			sourceTree = "<group>";
		};
		52DF713D225638AF00AE3432 /* Country */ = {
			isa = PBXGroup;
			children = (
				52DF713E225638D000AE3432 /* CountryViewModel.swift */,
				52DF714022563AC000AE3432 /* CountryViewModelImp.swift */,
				52DF714222563E0500AE3432 /* CountryViewController.swift */,
			);
			path = Country;
			sourceTree = "<group>";
		};
		BA5CD837BCCFBF6229A083F9 /* Frameworks */ = {
			isa = PBXGroup;
			children = (
				D9124640961302A8D51BFFE9 /* Pods_Countries.framework */,
				37FE21B71D0EC485DE855961 /* Pods_CountriesTests.framework */,
			);
			name = Frameworks;
			sourceTree = "<group>";
		};
		C3F4A4C474D45E10DA3D9AA5 /* Pods */ = {
			isa = PBXGroup;
			children = (
				A9A547281FBB2474818C8CB3 /* Pods-Countries.debug.xcconfig */,
				47CD814A44D88FB2FE4D8E17 /* Pods-Countries.release.xcconfig */,
				F1D58B7342D49F694F7D68F7 /* Pods-CountriesTests.debug.xcconfig */,
				DB8EAB2AA9E86ABFDD1E7EE6 /* Pods-CountriesTests.release.xcconfig */,
			);
			path = Pods;
			sourceTree = "<group>";
		};
/* End PBXGroup section */

/* Begin PBXNativeTarget section */
		5249338F2253929300AC198C /* Countries */ = {
			isa = PBXNativeTarget;
			buildConfigurationList = 524933AD2253929500AC198C /* Build configuration list for PBXNativeTarget "Countries" */;
			buildPhases = (
				FC834F5F4B266EE661087565 /* [CP] Check Pods Manifest.lock */,
				52007D0F2258C7DC002BD0C4 /* ShellScript */,
				5249338C2253929300AC198C /* Sources */,
				5249338D2253929300AC198C /* Frameworks */,
				5249338E2253929300AC198C /* Resources */,
				CB058E4DB0BF7991910EDE2D /* [CP] Embed Pods Frameworks */,
			);
			buildRules = (
			);
			dependencies = (
			);
			name = Countries;
			productName = Countries;
			productReference = 524933902253929300AC198C /* Countries.app */;
			productType = "com.apple.product-type.application";
		};
		524933A32253929500AC198C /* CountriesTests */ = {
			isa = PBXNativeTarget;
			buildConfigurationList = 524933B02253929500AC198C /* Build configuration list for PBXNativeTarget "CountriesTests" */;
			buildPhases = (
				BEE8A7750870F76F04232ABE /* [CP] Check Pods Manifest.lock */,
				524933A02253929500AC198C /* Sources */,
				524933A12253929500AC198C /* Frameworks */,
				524933A22253929500AC198C /* Resources */,
			);
			buildRules = (
			);
			dependencies = (
				524933A62253929500AC198C /* PBXTargetDependency */,
			);
			name = CountriesTests;
			productName = CountriesTests;
			productReference = 524933A42253929500AC198C /* CountriesTests.xctest */;
			productType = "com.apple.product-type.bundle.unit-test";
		};
/* End PBXNativeTarget section */

/* Begin PBXProject section */
		524933882253929300AC198C /* Project object */ = {
			isa = PBXProject;
			attributes = {
				LastSwiftUpdateCheck = 1010;
				LastUpgradeCheck = 1010;
				ORGANIZATIONNAME = "Vladislav Myakotin";
				TargetAttributes = {
					5249338F2253929300AC198C = {
						CreatedOnToolsVersion = 10.1;
					};
					524933A32253929500AC198C = {
						CreatedOnToolsVersion = 10.1;
						TestTargetID = 5249338F2253929300AC198C;
					};
				};
			};
			buildConfigurationList = 5249338B2253929300AC198C /* Build configuration list for PBXProject "Countries" */;
			compatibilityVersion = "Xcode 9.3";
			developmentRegion = en;
			hasScannedForEncodings = 0;
			knownRegions = (
				en,
				Base,
			);
			mainGroup = 524933872253929300AC198C;
			productRefGroup = 524933912253929300AC198C /* Products */;
			projectDirPath = "";
			projectRoot = "";
			targets = (
				5249338F2253929300AC198C /* Countries */,
				524933A32253929500AC198C /* CountriesTests */,
			);
		};
/* End PBXProject section */

/* Begin PBXResourcesBuildPhase section */
		5249338E2253929300AC198C /* Resources */ = {
			isa = PBXResourcesBuildPhase;
			buildActionMask = 2147483647;
			files = (
				5249339E2253929500AC198C /* LaunchScreen.storyboard in Resources */,
				5249339B2253929500AC198C /* Assets.xcassets in Resources */,
				524933992253929400AC198C /* Main.storyboard in Resources */,
			);
			runOnlyForDeploymentPostprocessing = 0;
		};
		524933A22253929500AC198C /* Resources */ = {
			isa = PBXResourcesBuildPhase;
			buildActionMask = 2147483647;
			files = (
			);
			runOnlyForDeploymentPostprocessing = 0;
		};
/* End PBXResourcesBuildPhase section */

/* Begin PBXShellScriptBuildPhase section */
		52007D0F2258C7DC002BD0C4 /* ShellScript */ = {
			isa = PBXShellScriptBuildPhase;
			buildActionMask = 2147483647;
			files = (
			);
			inputFileListPaths = (
			);
			inputPaths = (
				"$TEMP_DIR/rswift-lastrun",
			);
			outputFileListPaths = (
			);
			outputPaths = (
				$SRCROOT/R.generated.swift,
			);
			runOnlyForDeploymentPostprocessing = 0;
			shellPath = /bin/sh;
			shellScript = "\"$PODS_ROOT/R.swift/rswift\" generate \"$SRCROOT/R.generated.swift\"\n";
		};
		BEE8A7750870F76F04232ABE /* [CP] Check Pods Manifest.lock */ = {
			isa = PBXShellScriptBuildPhase;
			buildActionMask = 2147483647;
			files = (
			);
			inputFileListPaths = (
			);
			inputPaths = (
				"${PODS_PODFILE_DIR_PATH}/Podfile.lock",
				"${PODS_ROOT}/Manifest.lock",
			);
			name = "[CP] Check Pods Manifest.lock";
			outputFileListPaths = (
			);
			outputPaths = (
				"$(DERIVED_FILE_DIR)/Pods-CountriesTests-checkManifestLockResult.txt",
			);
			runOnlyForDeploymentPostprocessing = 0;
			shellPath = /bin/sh;
			shellScript = "diff \"${PODS_PODFILE_DIR_PATH}/Podfile.lock\" \"${PODS_ROOT}/Manifest.lock\" > /dev/null\nif [ $? != 0 ] ; then\n    # print error to STDERR\n    echo \"error: The sandbox is not in sync with the Podfile.lock. Run 'pod install' or update your CocoaPods installation.\" >&2\n    exit 1\nfi\n# This output is used by Xcode 'outputs' to avoid re-running this script phase.\necho \"SUCCESS\" > \"${SCRIPT_OUTPUT_FILE_0}\"\n";
			showEnvVarsInLog = 0;
		};
		CB058E4DB0BF7991910EDE2D /* [CP] Embed Pods Frameworks */ = {
			isa = PBXShellScriptBuildPhase;
			buildActionMask = 2147483647;
			files = (
			);
			inputFileListPaths = (
			);
			inputPaths = (
				"${PODS_ROOT}/Target Support Files/Pods-Countries/Pods-Countries-frameworks.sh",
				"${BUILT_PRODUCTS_DIR}/Alamofire/Alamofire.framework",
				"${BUILT_PRODUCTS_DIR}/Dip/Dip.framework",
				"${BUILT_PRODUCTS_DIR}/Moya/Moya.framework",
				"${BUILT_PRODUCTS_DIR}/R.swift.Library/Rswift.framework",
				"${BUILT_PRODUCTS_DIR}/Result/Result.framework",
				"${BUILT_PRODUCTS_DIR}/RxAtomic/RxAtomic.framework",
				"${BUILT_PRODUCTS_DIR}/RxCocoa/RxCocoa.framework",
				"${BUILT_PRODUCTS_DIR}/RxSwift/RxSwift.framework",
				"${BUILT_PRODUCTS_DIR}/RxSwiftExt/RxSwiftExt.framework",
			);
			name = "[CP] Embed Pods Frameworks";
			outputFileListPaths = (
			);
			outputPaths = (
				"${TARGET_BUILD_DIR}/${FRAMEWORKS_FOLDER_PATH}/Alamofire.framework",
				"${TARGET_BUILD_DIR}/${FRAMEWORKS_FOLDER_PATH}/Dip.framework",
				"${TARGET_BUILD_DIR}/${FRAMEWORKS_FOLDER_PATH}/Moya.framework",
				"${TARGET_BUILD_DIR}/${FRAMEWORKS_FOLDER_PATH}/Rswift.framework",
				"${TARGET_BUILD_DIR}/${FRAMEWORKS_FOLDER_PATH}/Result.framework",
				"${TARGET_BUILD_DIR}/${FRAMEWORKS_FOLDER_PATH}/RxAtomic.framework",
				"${TARGET_BUILD_DIR}/${FRAMEWORKS_FOLDER_PATH}/RxCocoa.framework",
				"${TARGET_BUILD_DIR}/${FRAMEWORKS_FOLDER_PATH}/RxSwift.framework",
				"${TARGET_BUILD_DIR}/${FRAMEWORKS_FOLDER_PATH}/RxSwiftExt.framework",
			);
			runOnlyForDeploymentPostprocessing = 0;
			shellPath = /bin/sh;
			shellScript = "\"${PODS_ROOT}/Target Support Files/Pods-Countries/Pods-Countries-frameworks.sh\"\n";
			showEnvVarsInLog = 0;
		};
		FC834F5F4B266EE661087565 /* [CP] Check Pods Manifest.lock */ = {
			isa = PBXShellScriptBuildPhase;
			buildActionMask = 2147483647;
			files = (
			);
			inputFileListPaths = (
			);
			inputPaths = (
				"${PODS_PODFILE_DIR_PATH}/Podfile.lock",
				"${PODS_ROOT}/Manifest.lock",
			);
			name = "[CP] Check Pods Manifest.lock";
			outputFileListPaths = (
			);
			outputPaths = (
				"$(DERIVED_FILE_DIR)/Pods-Countries-checkManifestLockResult.txt",
			);
			runOnlyForDeploymentPostprocessing = 0;
			shellPath = /bin/sh;
			shellScript = "diff \"${PODS_PODFILE_DIR_PATH}/Podfile.lock\" \"${PODS_ROOT}/Manifest.lock\" > /dev/null\nif [ $? != 0 ] ; then\n    # print error to STDERR\n    echo \"error: The sandbox is not in sync with the Podfile.lock. Run 'pod install' or update your CocoaPods installation.\" >&2\n    exit 1\nfi\n# This output is used by Xcode 'outputs' to avoid re-running this script phase.\necho \"SUCCESS\" > \"${SCRIPT_OUTPUT_FILE_0}\"\n";
			showEnvVarsInLog = 0;
		};
/* End PBXShellScriptBuildPhase section */

/* Begin PBXSourcesBuildPhase section */
		5249338C2253929300AC198C /* Sources */ = {
			isa = PBXSourcesBuildPhase;
			buildActionMask = 2147483647;
			files = (
				524933B92254F77A00AC198C /* CountryService.swift in Sources */,
				524933C6225503C200AC198C /* APIComponent.swift in Sources */,
				52007D112258C9BE002BD0C4 /* R.generated.swift in Sources */,
				524933B72254F76F00AC198C /* CountriesService.swift in Sources */,
				524933CF2255214D00AC198C /* Country+Codable.swift in Sources */,
				524933CD2255175E00AC198C /* APIComponentImp.swift in Sources */,
				52007D17225A245C002BD0C4 /* CountriesModuleFactoryImp.swift in Sources */,
				5254325C225666CF006743B2 /* UIViewController+Errors.swift in Sources */,
				52007D13225A1A20002BD0C4 /* CountriesModuleFactory.swift in Sources */,
				524933C02254FF0B00AC198C /* CountryServiceImp.swift in Sources */,
				524933BC2254F82F00AC198C /* Country.swift in Sources */,
				524933D1225525FF00AC198C /* Currency.swift in Sources */,
				52E6D7F02255E32E00DEBD79 /* CountryCell.swift in Sources */,
				52DF713F225638D000AE3432 /* CountryViewModel.swift in Sources */,
				52E6D7EC2255594B00DEBD79 /* CountriesListViewController.swift in Sources */,
				5254325E22567F64006743B2 /* Dependencies.swift in Sources */,
				52DF713C22562BCE00AE3432 /* CountriesModule.swift in Sources */,
				524933942253929300AC198C /* AppDelegate.swift in Sources */,
				52DF714322563E0500AE3432 /* CountryViewController.swift in Sources */,
				52DF713A2256286100AE3432 /* CountriesCoordinator.swift in Sources */,
				524933C92255057200AC198C /* APIRequest.swift in Sources */,
				52007D15225A1D10002BD0C4 /* Module.swift in Sources */,
				524933DA225539E900AC198C /* CountryCellViewModel.swift in Sources */,
				524933CB225505B500AC198C /* APIRequest+Moya.swift in Sources */,
				52DF714122563AC000AE3432 /* CountryViewModelImp.swift in Sources */,
				524933D62255373400AC198C /* CountriesListViewModelImp.swift in Sources */,
				52E6D7EE2255DD6200DEBD79 /* CountriesListViewModel.swift in Sources */,
				524933C22254FF2100AC198C /* CountriesServiceImp.swift in Sources */,
			);
			runOnlyForDeploymentPostprocessing = 0;
		};
		524933A02253929500AC198C /* Sources */ = {
			isa = PBXSourcesBuildPhase;
			buildActionMask = 2147483647;
			files = (
				524933A92253929500AC198C /* CountriesTests.swift in Sources */,
			);
			runOnlyForDeploymentPostprocessing = 0;
		};
/* End PBXSourcesBuildPhase section */

/* Begin PBXTargetDependency section */
		524933A62253929500AC198C /* PBXTargetDependency */ = {
			isa = PBXTargetDependency;
			target = 5249338F2253929300AC198C /* Countries */;
			targetProxy = 524933A52253929500AC198C /* PBXContainerItemProxy */;
		};
/* End PBXTargetDependency section */

/* Begin PBXVariantGroup section */
		524933972253929400AC198C /* Main.storyboard */ = {
			isa = PBXVariantGroup;
			children = (
				524933982253929400AC198C /* Base */,
			);
			name = Main.storyboard;
			sourceTree = "<group>";
		};
		5249339C2253929500AC198C /* LaunchScreen.storyboard */ = {
			isa = PBXVariantGroup;
			children = (
				5249339D2253929500AC198C /* Base */,
			);
			name = LaunchScreen.storyboard;
			sourceTree = "<group>";
		};
/* End PBXVariantGroup section */

/* Begin XCBuildConfiguration section */
		524933AB2253929500AC198C /* Debug */ = {
			isa = XCBuildConfiguration;
			buildSettings = {
				ALWAYS_SEARCH_USER_PATHS = NO;
				CLANG_ANALYZER_NONNULL = YES;
				CLANG_ANALYZER_NUMBER_OBJECT_CONVERSION = YES_AGGRESSIVE;
				CLANG_CXX_LANGUAGE_STANDARD = "gnu++14";
				CLANG_CXX_LIBRARY = "libc++";
				CLANG_ENABLE_MODULES = YES;
				CLANG_ENABLE_OBJC_ARC = YES;
				CLANG_ENABLE_OBJC_WEAK = YES;
				CLANG_WARN_BLOCK_CAPTURE_AUTORELEASING = YES;
				CLANG_WARN_BOOL_CONVERSION = YES;
				CLANG_WARN_COMMA = YES;
				CLANG_WARN_CONSTANT_CONVERSION = YES;
				CLANG_WARN_DEPRECATED_OBJC_IMPLEMENTATIONS = YES;
				CLANG_WARN_DIRECT_OBJC_ISA_USAGE = YES_ERROR;
				CLANG_WARN_DOCUMENTATION_COMMENTS = YES;
				CLANG_WARN_EMPTY_BODY = YES;
				CLANG_WARN_ENUM_CONVERSION = YES;
				CLANG_WARN_INFINITE_RECURSION = YES;
				CLANG_WARN_INT_CONVERSION = YES;
				CLANG_WARN_NON_LITERAL_NULL_CONVERSION = YES;
				CLANG_WARN_OBJC_IMPLICIT_RETAIN_SELF = YES;
				CLANG_WARN_OBJC_LITERAL_CONVERSION = YES;
				CLANG_WARN_OBJC_ROOT_CLASS = YES_ERROR;
				CLANG_WARN_RANGE_LOOP_ANALYSIS = YES;
				CLANG_WARN_STRICT_PROTOTYPES = YES;
				CLANG_WARN_SUSPICIOUS_MOVE = YES;
				CLANG_WARN_UNGUARDED_AVAILABILITY = YES_AGGRESSIVE;
				CLANG_WARN_UNREACHABLE_CODE = YES;
				CLANG_WARN__DUPLICATE_METHOD_MATCH = YES;
				CODE_SIGN_IDENTITY = "iPhone Developer";
				COPY_PHASE_STRIP = NO;
				DEBUG_INFORMATION_FORMAT = dwarf;
				ENABLE_STRICT_OBJC_MSGSEND = YES;
				ENABLE_TESTABILITY = YES;
				GCC_C_LANGUAGE_STANDARD = gnu11;
				GCC_DYNAMIC_NO_PIC = NO;
				GCC_NO_COMMON_BLOCKS = YES;
				GCC_OPTIMIZATION_LEVEL = 0;
				GCC_PREPROCESSOR_DEFINITIONS = (
					"DEBUG=1",
					"$(inherited)",
				);
				GCC_WARN_64_TO_32_BIT_CONVERSION = YES;
				GCC_WARN_ABOUT_RETURN_TYPE = YES_ERROR;
				GCC_WARN_UNDECLARED_SELECTOR = YES;
				GCC_WARN_UNINITIALIZED_AUTOS = YES_AGGRESSIVE;
				GCC_WARN_UNUSED_FUNCTION = YES;
				GCC_WARN_UNUSED_VARIABLE = YES;
				IPHONEOS_DEPLOYMENT_TARGET = 12.1;
				MTL_ENABLE_DEBUG_INFO = INCLUDE_SOURCE;
				MTL_FAST_MATH = YES;
				ONLY_ACTIVE_ARCH = YES;
				SDKROOT = iphoneos;
				SWIFT_ACTIVE_COMPILATION_CONDITIONS = DEBUG;
				SWIFT_OPTIMIZATION_LEVEL = "-Onone";
			};
			name = Debug;
		};
		524933AC2253929500AC198C /* Release */ = {
			isa = XCBuildConfiguration;
			buildSettings = {
				ALWAYS_SEARCH_USER_PATHS = NO;
				CLANG_ANALYZER_NONNULL = YES;
				CLANG_ANALYZER_NUMBER_OBJECT_CONVERSION = YES_AGGRESSIVE;
				CLANG_CXX_LANGUAGE_STANDARD = "gnu++14";
				CLANG_CXX_LIBRARY = "libc++";
				CLANG_ENABLE_MODULES = YES;
				CLANG_ENABLE_OBJC_ARC = YES;
				CLANG_ENABLE_OBJC_WEAK = YES;
				CLANG_WARN_BLOCK_CAPTURE_AUTORELEASING = YES;
				CLANG_WARN_BOOL_CONVERSION = YES;
				CLANG_WARN_COMMA = YES;
				CLANG_WARN_CONSTANT_CONVERSION = YES;
				CLANG_WARN_DEPRECATED_OBJC_IMPLEMENTATIONS = YES;
				CLANG_WARN_DIRECT_OBJC_ISA_USAGE = YES_ERROR;
				CLANG_WARN_DOCUMENTATION_COMMENTS = YES;
				CLANG_WARN_EMPTY_BODY = YES;
				CLANG_WARN_ENUM_CONVERSION = YES;
				CLANG_WARN_INFINITE_RECURSION = YES;
				CLANG_WARN_INT_CONVERSION = YES;
				CLANG_WARN_NON_LITERAL_NULL_CONVERSION = YES;
				CLANG_WARN_OBJC_IMPLICIT_RETAIN_SELF = YES;
				CLANG_WARN_OBJC_LITERAL_CONVERSION = YES;
				CLANG_WARN_OBJC_ROOT_CLASS = YES_ERROR;
				CLANG_WARN_RANGE_LOOP_ANALYSIS = YES;
				CLANG_WARN_STRICT_PROTOTYPES = YES;
				CLANG_WARN_SUSPICIOUS_MOVE = YES;
				CLANG_WARN_UNGUARDED_AVAILABILITY = YES_AGGRESSIVE;
				CLANG_WARN_UNREACHABLE_CODE = YES;
				CLANG_WARN__DUPLICATE_METHOD_MATCH = YES;
				CODE_SIGN_IDENTITY = "iPhone Developer";
				COPY_PHASE_STRIP = NO;
				DEBUG_INFORMATION_FORMAT = "dwarf-with-dsym";
				ENABLE_NS_ASSERTIONS = NO;
				ENABLE_STRICT_OBJC_MSGSEND = YES;
				GCC_C_LANGUAGE_STANDARD = gnu11;
				GCC_NO_COMMON_BLOCKS = YES;
				GCC_WARN_64_TO_32_BIT_CONVERSION = YES;
				GCC_WARN_ABOUT_RETURN_TYPE = YES_ERROR;
				GCC_WARN_UNDECLARED_SELECTOR = YES;
				GCC_WARN_UNINITIALIZED_AUTOS = YES_AGGRESSIVE;
				GCC_WARN_UNUSED_FUNCTION = YES;
				GCC_WARN_UNUSED_VARIABLE = YES;
				IPHONEOS_DEPLOYMENT_TARGET = 12.1;
				MTL_ENABLE_DEBUG_INFO = NO;
				MTL_FAST_MATH = YES;
				SDKROOT = iphoneos;
				SWIFT_COMPILATION_MODE = wholemodule;
				SWIFT_OPTIMIZATION_LEVEL = "-O";
				VALIDATE_PRODUCT = YES;
			};
			name = Release;
		};
		524933AE2253929500AC198C /* Debug */ = {
			isa = XCBuildConfiguration;
			baseConfigurationReference = A9A547281FBB2474818C8CB3 /* Pods-Countries.debug.xcconfig */;
			buildSettings = {
				ASSETCATALOG_COMPILER_APPICON_NAME = AppIcon;
				CODE_SIGN_STYLE = Automatic;
				INFOPLIST_FILE = "$(SRCROOT)/Countries/Application/Info.plist";
				IPHONEOS_DEPLOYMENT_TARGET = 12.0;
				LD_RUNPATH_SEARCH_PATHS = (
					"$(inherited)",
					"@executable_path/Frameworks",
				);
				PRODUCT_BUNDLE_IDENTIFIER = com.countries.Countries;
				PRODUCT_NAME = "$(TARGET_NAME)";
				SWIFT_VERSION = 4.2;
				TARGETED_DEVICE_FAMILY = "1,2";
			};
			name = Debug;
		};
		524933AF2253929500AC198C /* Release */ = {
			isa = XCBuildConfiguration;
			baseConfigurationReference = 47CD814A44D88FB2FE4D8E17 /* Pods-Countries.release.xcconfig */;
			buildSettings = {
				ASSETCATALOG_COMPILER_APPICON_NAME = AppIcon;
				CODE_SIGN_STYLE = Automatic;
				INFOPLIST_FILE = "$(SRCROOT)/Countries/Application/Info.plist";
				IPHONEOS_DEPLOYMENT_TARGET = 12.0;
				LD_RUNPATH_SEARCH_PATHS = (
					"$(inherited)",
					"@executable_path/Frameworks",
				);
				PRODUCT_BUNDLE_IDENTIFIER = com.countries.Countries;
				PRODUCT_NAME = "$(TARGET_NAME)";
				SWIFT_VERSION = 4.2;
				TARGETED_DEVICE_FAMILY = "1,2";
			};
			name = Release;
		};
		524933B12253929500AC198C /* Debug */ = {
			isa = XCBuildConfiguration;
			baseConfigurationReference = F1D58B7342D49F694F7D68F7 /* Pods-CountriesTests.debug.xcconfig */;
			buildSettings = {
				ALWAYS_EMBED_SWIFT_STANDARD_LIBRARIES = YES;
				BUNDLE_LOADER = "$(TEST_HOST)";
				CODE_SIGN_STYLE = Automatic;
				INFOPLIST_FILE = CountriesTests/Info.plist;
				LD_RUNPATH_SEARCH_PATHS = (
					"$(inherited)",
					"@executable_path/Frameworks",
					"@loader_path/Frameworks",
				);
				PRODUCT_BUNDLE_IDENTIFIER = com.countries.CountriesTests;
				PRODUCT_NAME = "$(TARGET_NAME)";
				SWIFT_VERSION = 4.2;
				TARGETED_DEVICE_FAMILY = "1,2";
				TEST_HOST = "$(BUILT_PRODUCTS_DIR)/Countries.app/Countries";
			};
			name = Debug;
		};
		524933B22253929500AC198C /* Release */ = {
			isa = XCBuildConfiguration;
			baseConfigurationReference = DB8EAB2AA9E86ABFDD1E7EE6 /* Pods-CountriesTests.release.xcconfig */;
			buildSettings = {
				ALWAYS_EMBED_SWIFT_STANDARD_LIBRARIES = YES;
				BUNDLE_LOADER = "$(TEST_HOST)";
				CODE_SIGN_STYLE = Automatic;
				INFOPLIST_FILE = CountriesTests/Info.plist;
				LD_RUNPATH_SEARCH_PATHS = (
					"$(inherited)",
					"@executable_path/Frameworks",
					"@loader_path/Frameworks",
				);
				PRODUCT_BUNDLE_IDENTIFIER = com.countries.CountriesTests;
				PRODUCT_NAME = "$(TARGET_NAME)";
				SWIFT_VERSION = 4.2;
				TARGETED_DEVICE_FAMILY = "1,2";
				TEST_HOST = "$(BUILT_PRODUCTS_DIR)/Countries.app/Countries";
			};
			name = Release;
		};
/* End XCBuildConfiguration section */

/* Begin XCConfigurationList section */
		5249338B2253929300AC198C /* Build configuration list for PBXProject "Countries" */ = {
			isa = XCConfigurationList;
			buildConfigurations = (
				524933AB2253929500AC198C /* Debug */,
				524933AC2253929500AC198C /* Release */,
			);
			defaultConfigurationIsVisible = 0;
			defaultConfigurationName = Release;
		};
		524933AD2253929500AC198C /* Build configuration list for PBXNativeTarget "Countries" */ = {
			isa = XCConfigurationList;
			buildConfigurations = (
				524933AE2253929500AC198C /* Debug */,
				524933AF2253929500AC198C /* Release */,
			);
			defaultConfigurationIsVisible = 0;
			defaultConfigurationName = Release;
		};
		524933B02253929500AC198C /* Build configuration list for PBXNativeTarget "CountriesTests" */ = {
			isa = XCConfigurationList;
			buildConfigurations = (
				524933B12253929500AC198C /* Debug */,
				524933B22253929500AC198C /* Release */,
			);
			defaultConfigurationIsVisible = 0;
			defaultConfigurationName = Release;
		};
/* End XCConfigurationList section */
	};
	rootObject = 524933882253929300AC198C /* Project object */;
}
